
Microsoft Visual Studio Solution File, Format Version 12.00
# Visual Studio 2013
VisualStudioVersion = 12.0.21005.1
MinimumVisualStudioVersion = 10.0.40219.1
Project("{FAE04EC0-301F-11D3-BF4B-00C04F79EFBC}") = "Day01_0100Basic", "Day01_0100Basic\Day01_0100Basic.csproj", "{A4D3717E-CC7B-4FAA-B11C-42CA38C1A088}"
EndProject
Project("{FAE04EC0-301F-11D3-BF4B-00C04F79EFBC}") = "Day01_0200higher", "Day01_0200higher\Day01_0200higher.csproj", "{DF8C7807-E8F5-4A52-A217-5A3F4F1A19AC}"
EndProject
Project("{2150E333-8FDC-42A3-9474-1A3956D46DE8}") = "Day01NET基础", "Day01NET基础", "{79068FA6-6F64-40CB-9EA6-72B1DC654183}"
EndProject
Project("{2150E333-8FDC-42A3-9474-1A3956D46DE8}") = "Day02基础加强", "Day02基础加强", "{9609A1B6-E69A-4997-B27A-9760A1D6E120}"
EndProject
Project("{FAE04EC0-301F-11D3-BF4B-00C04F79EFBC}") = "Day02_0100枚举复习", "Day02_0100枚举复习\Day02_0100枚举复习.csproj", "{02543ACE-345C-4F54-B6C4-D5E676B97719}"
EndProject
Project("{FAE04EC0-301F-11D3-BF4B-00C04F79EFBC}") = "Day02_0200值类型和引用类型", "Day02_0200值类型和引用类型\Day02_0200值类型和引用类型.csproj", "{577F7AD1-6A69-482F-BE0C-D7D610305F07}"
EndProject
Project("{FAE04EC0-301F-11D3-BF4B-00C04F79EFBC}") = "Day02_0300构造函数", "Day02_0300构造函数\Day02_0300构造函数.csproj", "{2091DE74-E70C-4A09-AD75-871615F41D21}"
EndProject
Project("{FAE04EC0-301F-11D3-BF4B-00C04F79EFBC}") = "Day02_0400结构体初探", "Day02_0400结构体初探\Day02_0400结构体初探.csproj", "{A8FF3692-33C1-44F1-93FE-A840893815CD}"
EndProject
Project("{FAE04EC0-301F-11D3-BF4B-00C04F79EFBC}") = "Day02_0500装箱和拆箱", "Day02_0500装箱和拆箱\Day02_0500装箱和拆箱.csproj", "{B9A6DBAE-8BF9-4F7D-ADB2-093F4AD156C0}"
EndProject
Project("{FAE04EC0-301F-11D3-BF4B-00C04F79EFBC}") = "Day06_0100值传递和引用传递", "Day06_0100值传递和引用传递\Day06_0100值传递和引用传递.csproj", "{80331643-441F-4805-A9C1-AF51D72BAB77}"
EndProject
Project("{2150E333-8FDC-42A3-9474-1A3956D46DE8}") = "Day03泛型集合", "Day03泛型集合", "{8C7FCFBE-7E59-4D79-AA11-DE2D290DFBFD}"
EndProject
Project("{FAE04EC0-301F-11D3-BF4B-00C04F79EFBC}") = "Day03_0100泛型初步", "Day03_0100泛型初步\Day03_0100泛型初步.csproj", "{593C56E3-3700-4608-8555-F7211CFF68E3}"
EndProject
Project("{FAE04EC0-301F-11D3-BF4B-00C04F79EFBC}") = "Day02_0700经理评分", "Day02_0700经理评分\Day02_0700经理评分.csproj", "{92185C90-F72C-473C-BD2D-0CEDF25F61A3}"
EndProject
Project("{FAE04EC0-301F-11D3-BF4B-00C04F79EFBC}") = "Day03_0200双列集合哈希表", "Day03_0200双列集合哈希表\Day03_0200双列集合哈希表.csproj", "{B43973B5-5724-4B97-B43D-8983A6DD4394}"
EndProject
Project("{FAE04EC0-301F-11D3-BF4B-00C04F79EFBC}") = "Day03_0300泛型集合", "Day03_0300泛型集合\Day03_0300泛型集合.csproj", "{7DBC087A-267C-4F92-9898-0AED3391B837}"
EndProject
Project("{FAE04EC0-301F-11D3-BF4B-00C04F79EFBC}") = "Day03_0400", "Day03_0400\Day03_0400.csproj", "{2B5F023B-35F1-408A-8A25-DF840757E2B8}"
EndProject
Project("{FAE04EC0-301F-11D3-BF4B-00C04F79EFBC}") = "Day03_0500", "Day03_0500\Day03_0500.csproj", "{0B269895-EE54-45C9-8879-3CF79F98F2BB}"
EndProject
Project("{2150E333-8FDC-42A3-9474-1A3956D46DE8}") = "Day04对象间的交互", "Day04对象间的交互", "{49358F5F-E8C2-4B9F-A930-4E2312470481}"
EndProject
Project("{FAE04EC0-301F-11D3-BF4B-00C04F79EFBC}") = "Day04_0100构造函数", "Day04_0100构造函数\Day04_0100构造函数.csproj", "{9CBE9D80-6E6C-49B3-BFDB-58FF0251D74D}"
EndProject
Project("{FAE04EC0-301F-11D3-BF4B-00C04F79EFBC}") = "Day04_0200方法重载", "Day04_0200方法重载\Day04_0200方法重载.csproj", "{D29957A5-1270-4FA0-ADA9-F3FE7D818B6F}"
EndProject
Project("{FAE04EC0-301F-11D3-BF4B-00C04F79EFBC}") = "Day04_0300对象间交互", "Day04_0300对象间交互\Day04_0300对象间交互.csproj", "{9B6C2CFE-011A-4133-8EB9-AA12C620F175}"
EndProject
Project("{2150E333-8FDC-42A3-9474-1A3956D46DE8}") = "HomeWork", "HomeWork", "{76EEEA55-8439-4155-BD7E-1917E04D7BCC}"
EndProject
Project("{2150E333-8FDC-42A3-9474-1A3956D46DE8}") = "Exericse", "Exericse", "{A6A8C9E8-70D1-4D30-9780-9CD0DBB6FC4E}"
EndProject
Project("{2150E333-8FDC-42A3-9474-1A3956D46DE8}") = "Day06", "Day06", "{99A5FA1D-D519-4DF0-9F52-C93A0E542512}"
EndProject
Project("{FAE04EC0-301F-11D3-BF4B-00C04F79EFBC}") = "Day06_0100", "Day06_0100\Day06_0100.csproj", "{01F10044-38A8-47B7-8FE8-E97AC85EBDD6}"
EndProject
Project("{FAE04EC0-301F-11D3-BF4B-00C04F79EFBC}") = "Day06_0200base的用法", "Day06_0200base的用法\Day06_0200base的用法.csproj", "{FAC578A0-9871-4EA0-A1BA-BA97FF586283}"
EndProject
Project("{FAE04EC0-301F-11D3-BF4B-00C04F79EFBC}") = "Day0)06_0300访问修饰符", "Day0)06_0300访问修饰符\Day0)06_0300访问修饰符.csproj", "{262B2F91-85DC-4E51-B9A0-185AD2965D1A}"
EndProject
Project("{FAE04EC0-301F-11D3-BF4B-00C04F79EFBC}") = "Day06_0400isa", "Day06_0400isa\Day06_0400isa.csproj", "{7171ED45-34D1-48CC-9E32-0D1E196F41B5}"
EndProject
Project("{2150E333-8FDC-42A3-9474-1A3956D46DE8}") = "Day06HomeWork", "Day06HomeWork", "{EE2BD9B2-86EF-49B1-99CE-2F8C6BD3CC1A}"
EndProject
Project("{FAE04EC0-301F-11D3-BF4B-00C04F79EFBC}") = "Day06_01_多态计算器", "Day06_01_多态计算器\Day06_01_多态计算器.csproj", "{67EA8D99-5A70-4177-A511-95C5057FD505}"
EndProject
Project("{FAE04EC0-301F-11D3-BF4B-00C04F79EFBC}") = "Day06_02ATM", "Day06_02ATM\Day06_02ATM.csproj", "{79BABC1F-F619-4C9A-B23F-8C637F503D65}"
EndProject
Project("{2150E333-8FDC-42A3-9474-1A3956D46DE8}") = "Day07深入理解多态", "Day07深入理解多态", "{332F364C-2E02-4BD5-AB52-1D50DC2585CA}"
EndProject
Project("{FAE04EC0-301F-11D3-BF4B-00C04F79EFBC}") = "Day07_0100父类变量保存子类对象", "Day07_0100父类变量保存子类对象\Day07_0100父类变量保存子类对象.csproj", "{C0222BF7-5D4E-4F17-8028-C057DE447D63}"
EndProject
Project("{FAE04EC0-301F-11D3-BF4B-00C04F79EFBC}") = "Day07_0200父类类型作为方法参数", "Day07_0200父类类型作为方法参数\Day07_0200父类类型作为方法参数.csproj", "{51DEFDF7-6FCD-494E-8793-C8D4F2307B99}"
EndProject
Project("{2150E333-8FDC-42A3-9474-1A3956D46DE8}") = "Day08设计模式和XML", "Day08设计模式和XML", "{2A792DA5-EC82-4230-BE46-7125EFE19960}"
EndProject
Project("{FAE04EC0-301F-11D3-BF4B-00C04F79EFBC}") = "Day08_0100单例模式", "Day08_0100单例模式\Day08_0100单例模式.csproj", "{4B8BCF64-E461-4890-BBC4-5D152023FF2F}"
EndProject
Project("{FAE04EC0-301F-11D3-BF4B-00C04F79EFBC}") = "Day08_0200保证播放窗体是单例的", "Day08_0200保证播放窗体是单例的\Day08_0200保证播放窗体是单例的.csproj", "{2A52EBCE-ECF0-4E62-A8E8-389A085DE107}"
EndProject
Project("{FAE04EC0-301F-11D3-BF4B-00C04F79EFBC}") = "Day08_0300Xml解析", "Day08_0300Xml解析\Day08_0300Xml解析.csproj", "{C0D15978-3A11-4785-9686-47E0A8860549}"
EndProject
Global
	GlobalSection(SolutionConfigurationPlatforms) = preSolution
		Debug|Any CPU = Debug|Any CPU
		Release|Any CPU = Release|Any CPU
	EndGlobalSection
	GlobalSection(ProjectConfigurationPlatforms) = postSolution
		{A4D3717E-CC7B-4FAA-B11C-42CA38C1A088}.Debug|Any CPU.ActiveCfg = Debug|Any CPU
		{A4D3717E-CC7B-4FAA-B11C-42CA38C1A088}.Debug|Any CPU.Build.0 = Debug|Any CPU
		{A4D3717E-CC7B-4FAA-B11C-42CA38C1A088}.Release|Any CPU.ActiveCfg = Release|Any CPU
		{A4D3717E-CC7B-4FAA-B11C-42CA38C1A088}.Release|Any CPU.Build.0 = Release|Any CPU
		{DF8C7807-E8F5-4A52-A217-5A3F4F1A19AC}.Debug|Any CPU.ActiveCfg = Debug|Any CPU
		{DF8C7807-E8F5-4A52-A217-5A3F4F1A19AC}.Debug|Any CPU.Build.0 = Debug|Any CPU
		{DF8C7807-E8F5-4A52-A217-5A3F4F1A19AC}.Release|Any CPU.ActiveCfg = Release|Any CPU
		{DF8C7807-E8F5-4A52-A217-5A3F4F1A19AC}.Release|Any CPU.Build.0 = Release|Any CPU
		{02543ACE-345C-4F54-B6C4-D5E676B97719}.Debug|Any CPU.ActiveCfg = Debug|Any CPU
		{02543ACE-345C-4F54-B6C4-D5E676B97719}.Debug|Any CPU.Build.0 = Debug|Any CPU
		{02543ACE-345C-4F54-B6C4-D5E676B97719}.Release|Any CPU.ActiveCfg = Release|Any CPU
		{02543ACE-345C-4F54-B6C4-D5E676B97719}.Release|Any CPU.Build.0 = Release|Any CPU
		{577F7AD1-6A69-482F-BE0C-D7D610305F07}.Debug|Any CPU.ActiveCfg = Debug|Any CPU
		{577F7AD1-6A69-482F-BE0C-D7D610305F07}.Debug|Any CPU.Build.0 = Debug|Any CPU
		{577F7AD1-6A69-482F-BE0C-D7D610305F07}.Release|Any CPU.ActiveCfg = Release|Any CPU
		{577F7AD1-6A69-482F-BE0C-D7D610305F07}.Release|Any CPU.Build.0 = Release|Any CPU
		{2091DE74-E70C-4A09-AD75-871615F41D21}.Debug|Any CPU.ActiveCfg = Debug|Any CPU
		{2091DE74-E70C-4A09-AD75-871615F41D21}.Debug|Any CPU.Build.0 = Debug|Any CPU
		{2091DE74-E70C-4A09-AD75-871615F41D21}.Release|Any CPU.ActiveCfg = Release|Any CPU
		{2091DE74-E70C-4A09-AD75-871615F41D21}.Release|Any CPU.Build.0 = Release|Any CPU
		{A8FF3692-33C1-44F1-93FE-A840893815CD}.Debug|Any CPU.ActiveCfg = Debug|Any CPU
		{A8FF3692-33C1-44F1-93FE-A840893815CD}.Debug|Any CPU.Build.0 = Debug|Any CPU
		{A8FF3692-33C1-44F1-93FE-A840893815CD}.Release|Any CPU.ActiveCfg = Release|Any CPU
		{A8FF3692-33C1-44F1-93FE-A840893815CD}.Release|Any CPU.Build.0 = Release|Any CPU
		{B9A6DBAE-8BF9-4F7D-ADB2-093F4AD156C0}.Debug|Any CPU.ActiveCfg = Debug|Any CPU
		{B9A6DBAE-8BF9-4F7D-ADB2-093F4AD156C0}.Debug|Any CPU.Build.0 = Debug|Any CPU
		{B9A6DBAE-8BF9-4F7D-ADB2-093F4AD156C0}.Release|Any CPU.ActiveCfg = Release|Any CPU
		{B9A6DBAE-8BF9-4F7D-ADB2-093F4AD156C0}.Release|Any CPU.Build.0 = Release|Any CPU
		{80331643-441F-4805-A9C1-AF51D72BAB77}.Debug|Any CPU.ActiveCfg = Debug|Any CPU
		{80331643-441F-4805-A9C1-AF51D72BAB77}.Debug|Any CPU.Build.0 = Debug|Any CPU
		{80331643-441F-4805-A9C1-AF51D72BAB77}.Release|Any CPU.ActiveCfg = Release|Any CPU
		{80331643-441F-4805-A9C1-AF51D72BAB77}.Release|Any CPU.Build.0 = Release|Any CPU
		{593C56E3-3700-4608-8555-F7211CFF68E3}.Debug|Any CPU.ActiveCfg = Debug|Any CPU
		{593C56E3-3700-4608-8555-F7211CFF68E3}.Debug|Any CPU.Build.0 = Debug|Any CPU
		{593C56E3-3700-4608-8555-F7211CFF68E3}.Release|Any CPU.ActiveCfg = Release|Any CPU
		{593C56E3-3700-4608-8555-F7211CFF68E3}.Release|Any CPU.Build.0 = Release|Any CPU
		{92185C90-F72C-473C-BD2D-0CEDF25F61A3}.Debug|Any CPU.ActiveCfg = Debug|Any CPU
		{92185C90-F72C-473C-BD2D-0CEDF25F61A3}.Debug|Any CPU.Build.0 = Debug|Any CPU
		{92185C90-F72C-473C-BD2D-0CEDF25F61A3}.Release|Any CPU.ActiveCfg = Release|Any CPU
		{92185C90-F72C-473C-BD2D-0CEDF25F61A3}.Release|Any CPU.Build.0 = Release|Any CPU
		{B43973B5-5724-4B97-B43D-8983A6DD4394}.Debug|Any CPU.ActiveCfg = Debug|Any CPU
		{B43973B5-5724-4B97-B43D-8983A6DD4394}.Debug|Any CPU.Build.0 = Debug|Any CPU
		{B43973B5-5724-4B97-B43D-8983A6DD4394}.Release|Any CPU.ActiveCfg = Release|Any CPU
		{B43973B5-5724-4B97-B43D-8983A6DD4394}.Release|Any CPU.Build.0 = Release|Any CPU
		{7DBC087A-267C-4F92-9898-0AED3391B837}.Debug|Any CPU.ActiveCfg = Debug|Any CPU
		{7DBC087A-267C-4F92-9898-0AED3391B837}.Debug|Any CPU.Build.0 = Debug|Any CPU
		{7DBC087A-267C-4F92-9898-0AED3391B837}.Release|Any CPU.ActiveCfg = Release|Any CPU
		{7DBC087A-267C-4F92-9898-0AED3391B837}.Release|Any CPU.Build.0 = Release|Any CPU
		{2B5F023B-35F1-408A-8A25-DF840757E2B8}.Debug|Any CPU.ActiveCfg = Debug|Any CPU
		{2B5F023B-35F1-408A-8A25-DF840757E2B8}.Debug|Any CPU.Build.0 = Debug|Any CPU
		{2B5F023B-35F1-408A-8A25-DF840757E2B8}.Release|Any CPU.ActiveCfg = Release|Any CPU
		{2B5F023B-35F1-408A-8A25-DF840757E2B8}.Release|Any CPU.Build.0 = Release|Any CPU
		{0B269895-EE54-45C9-8879-3CF79F98F2BB}.Debug|Any CPU.ActiveCfg = Debug|Any CPU
		{0B269895-EE54-45C9-8879-3CF79F98F2BB}.Debug|Any CPU.Build.0 = Debug|Any CPU
		{0B269895-EE54-45C9-8879-3CF79F98F2BB}.Release|Any CPU.ActiveCfg = Release|Any CPU
		{0B269895-EE54-45C9-8879-3CF79F98F2BB}.Release|Any CPU.Build.0 = Release|Any CPU
		{9CBE9D80-6E6C-49B3-BFDB-58FF0251D74D}.Debug|Any CPU.ActiveCfg = Debug|Any CPU
		{9CBE9D80-6E6C-49B3-BFDB-58FF0251D74D}.Debug|Any CPU.Build.0 = Debug|Any CPU
		{9CBE9D80-6E6C-49B3-BFDB-58FF0251D74D}.Release|Any CPU.ActiveCfg = Release|Any CPU
		{9CBE9D80-6E6C-49B3-BFDB-58FF0251D74D}.Release|Any CPU.Build.0 = Release|Any CPU
		{D29957A5-1270-4FA0-ADA9-F3FE7D818B6F}.Debug|Any CPU.ActiveCfg = Debug|Any CPU
		{D29957A5-1270-4FA0-ADA9-F3FE7D818B6F}.Debug|Any CPU.Build.0 = Debug|Any CPU
		{D29957A5-1270-4FA0-ADA9-F3FE7D818B6F}.Release|Any CPU.ActiveCfg = Release|Any CPU
		{D29957A5-1270-4FA0-ADA9-F3FE7D818B6F}.Release|Any CPU.Build.0 = Release|Any CPU
		{9B6C2CFE-011A-4133-8EB9-AA12C620F175}.Debug|Any CPU.ActiveCfg = Debug|Any CPU
		{9B6C2CFE-011A-4133-8EB9-AA12C620F175}.Debug|Any CPU.Build.0 = Debug|Any CPU
		{9B6C2CFE-011A-4133-8EB9-AA12C620F175}.Release|Any CPU.ActiveCfg = Release|Any CPU
		{9B6C2CFE-011A-4133-8EB9-AA12C620F175}.Release|Any CPU.Build.0 = Release|Any CPU
		{01F10044-38A8-47B7-8FE8-E97AC85EBDD6}.Debug|Any CPU.ActiveCfg = Debug|Any CPU
		{01F10044-38A8-47B7-8FE8-E97AC85EBDD6}.Debug|Any CPU.Build.0 = Debug|Any CPU
		{01F10044-38A8-47B7-8FE8-E97AC85EBDD6}.Release|Any CPU.ActiveCfg = Release|Any CPU
		{01F10044-38A8-47B7-8FE8-E97AC85EBDD6}.Release|Any CPU.Build.0 = Release|Any CPU
		{FAC578A0-9871-4EA0-A1BA-BA97FF586283}.Debug|Any CPU.ActiveCfg = Debug|Any CPU
		{FAC578A0-9871-4EA0-A1BA-BA97FF586283}.Debug|Any CPU.Build.0 = Debug|Any CPU
		{FAC578A0-9871-4EA0-A1BA-BA97FF586283}.Release|Any CPU.ActiveCfg = Release|Any CPU
		{FAC578A0-9871-4EA0-A1BA-BA97FF586283}.Release|Any CPU.Build.0 = Release|Any CPU
		{262B2F91-85DC-4E51-B9A0-185AD2965D1A}.Debug|Any CPU.ActiveCfg = Debug|Any CPU
		{262B2F91-85DC-4E51-B9A0-185AD2965D1A}.Debug|Any CPU.Build.0 = Debug|Any CPU
		{262B2F91-85DC-4E51-B9A0-185AD2965D1A}.Release|Any CPU.ActiveCfg = Release|Any CPU
		{262B2F91-85DC-4E51-B9A0-185AD2965D1A}.Release|Any CPU.Build.0 = Release|Any CPU
		{7171ED45-34D1-48CC-9E32-0D1E196F41B5}.Debug|Any CPU.ActiveCfg = Debug|Any CPU
		{7171ED45-34D1-48CC-9E32-0D1E196F41B5}.Debug|Any CPU.Build.0 = Debug|Any CPU
		{7171ED45-34D1-48CC-9E32-0D1E196F41B5}.Release|Any CPU.ActiveCfg = Release|Any CPU
		{7171ED45-34D1-48CC-9E32-0D1E196F41B5}.Release|Any CPU.Build.0 = Release|Any CPU
		{67EA8D99-5A70-4177-A511-95C5057FD505}.Debug|Any CPU.ActiveCfg = Debug|Any CPU
		{67EA8D99-5A70-4177-A511-95C5057FD505}.Debug|Any CPU.Build.0 = Debug|Any CPU
		{67EA8D99-5A70-4177-A511-95C5057FD505}.Release|Any CPU.ActiveCfg = Release|Any CPU
		{67EA8D99-5A70-4177-A511-95C5057FD505}.Release|Any CPU.Build.0 = Release|Any CPU
		{79BABC1F-F619-4C9A-B23F-8C637F503D65}.Debug|Any CPU.ActiveCfg = Debug|Any CPU
		{79BABC1F-F619-4C9A-B23F-8C637F503D65}.Debug|Any CPU.Build.0 = Debug|Any CPU
		{79BABC1F-F619-4C9A-B23F-8C637F503D65}.Release|Any CPU.ActiveCfg = Release|Any CPU
		{79BABC1F-F619-4C9A-B23F-8C637F503D65}.Release|Any CPU.Build.0 = Release|Any CPU
		{C0222BF7-5D4E-4F17-8028-C057DE447D63}.Debug|Any CPU.ActiveCfg = Debug|Any CPU
		{C0222BF7-5D4E-4F17-8028-C057DE447D63}.Debug|Any CPU.Build.0 = Debug|Any CPU
		{C0222BF7-5D4E-4F17-8028-C057DE447D63}.Release|Any CPU.ActiveCfg = Release|Any CPU
		{C0222BF7-5D4E-4F17-8028-C057DE447D63}.Release|Any CPU.Build.0 = Release|Any CPU
		{51DEFDF7-6FCD-494E-8793-C8D4F2307B99}.Debug|Any CPU.ActiveCfg = Debug|Any CPU
		{51DEFDF7-6FCD-494E-8793-C8D4F2307B99}.Debug|Any CPU.Build.0 = Debug|Any CPU
		{51DEFDF7-6FCD-494E-8793-C8D4F2307B99}.Release|Any CPU.ActiveCfg = Release|Any CPU
		{51DEFDF7-6FCD-494E-8793-C8D4F2307B99}.Release|Any CPU.Build.0 = Release|Any CPU
		{4B8BCF64-E461-4890-BBC4-5D152023FF2F}.Debug|Any CPU.ActiveCfg = Debug|Any CPU
		{4B8BCF64-E461-4890-BBC4-5D152023FF2F}.Debug|Any CPU.Build.0 = Debug|Any CPU
		{4B8BCF64-E461-4890-BBC4-5D152023FF2F}.Release|Any CPU.ActiveCfg = Release|Any CPU
		{4B8BCF64-E461-4890-BBC4-5D152023FF2F}.Release|Any CPU.Build.0 = Release|Any CPU
		{2A52EBCE-ECF0-4E62-A8E8-389A085DE107}.Debug|Any CPU.ActiveCfg = Debug|Any CPU
		{2A52EBCE-ECF0-4E62-A8E8-389A085DE107}.Debug|Any CPU.Build.0 = Debug|Any CPU
		{2A52EBCE-ECF0-4E62-A8E8-389A085DE107}.Release|Any CPU.ActiveCfg = Release|Any CPU
		{2A52EBCE-ECF0-4E62-A8E8-389A085DE107}.Release|Any CPU.Build.0 = Release|Any CPU
		{C0D15978-3A11-4785-9686-47E0A8860549}.Debug|Any CPU.ActiveCfg = Debug|Any CPU
		{C0D15978-3A11-4785-9686-47E0A8860549}.Debug|Any CPU.Build.0 = Debug|Any CPU
		{C0D15978-3A11-4785-9686-47E0A8860549}.Release|Any CPU.ActiveCfg = Release|Any CPU
		{C0D15978-3A11-4785-9686-47E0A8860549}.Release|Any CPU.Build.0 = Release|Any CPU
	EndGlobalSection
	GlobalSection(SolutionProperties) = preSolution
		HideSolutionNode = FALSE
	EndGlobalSection
	GlobalSection(NestedProjects) = preSolution
		{DF8C7807-E8F5-4A52-A217-5A3F4F1A19AC} = {79068FA6-6F64-40CB-9EA6-72B1DC654183}
		{A4D3717E-CC7B-4FAA-B11C-42CA38C1A088} = {79068FA6-6F64-40CB-9EA6-72B1DC654183}
		{02543ACE-345C-4F54-B6C4-D5E676B97719} = {9609A1B6-E69A-4997-B27A-9760A1D6E120}
		{577F7AD1-6A69-482F-BE0C-D7D610305F07} = {9609A1B6-E69A-4997-B27A-9760A1D6E120}
		{2091DE74-E70C-4A09-AD75-871615F41D21} = {9609A1B6-E69A-4997-B27A-9760A1D6E120}
		{A8FF3692-33C1-44F1-93FE-A840893815CD} = {9609A1B6-E69A-4997-B27A-9760A1D6E120}
		{B9A6DBAE-8BF9-4F7D-ADB2-093F4AD156C0} = {9609A1B6-E69A-4997-B27A-9760A1D6E120}
		{80331643-441F-4805-A9C1-AF51D72BAB77} = {9609A1B6-E69A-4997-B27A-9760A1D6E120}
		{92185C90-F72C-473C-BD2D-0CEDF25F61A3} = {9609A1B6-E69A-4997-B27A-9760A1D6E120}
		{593C56E3-3700-4608-8555-F7211CFF68E3} = {8C7FCFBE-7E59-4D79-AA11-DE2D290DFBFD}
		{B43973B5-5724-4B97-B43D-8983A6DD4394} = {8C7FCFBE-7E59-4D79-AA11-DE2D290DFBFD}
		{7DBC087A-267C-4F92-9898-0AED3391B837} = {8C7FCFBE-7E59-4D79-AA11-DE2D290DFBFD}
		{2B5F023B-35F1-408A-8A25-DF840757E2B8} = {8C7FCFBE-7E59-4D79-AA11-DE2D290DFBFD}
		{0B269895-EE54-45C9-8879-3CF79F98F2BB} = {8C7FCFBE-7E59-4D79-AA11-DE2D290DFBFD}
		{9CBE9D80-6E6C-49B3-BFDB-58FF0251D74D} = {49358F5F-E8C2-4B9F-A930-4E2312470481}
		{D29957A5-1270-4FA0-ADA9-F3FE7D818B6F} = {49358F5F-E8C2-4B9F-A930-4E2312470481}
		{9B6C2CFE-011A-4133-8EB9-AA12C620F175} = {49358F5F-E8C2-4B9F-A930-4E2312470481}
		{76EEEA55-8439-4155-BD7E-1917E04D7BCC} = {49358F5F-E8C2-4B9F-A930-4E2312470481}
		{A6A8C9E8-70D1-4D30-9780-9CD0DBB6FC4E} = {49358F5F-E8C2-4B9F-A930-4E2312470481}
		{01F10044-38A8-47B7-8FE8-E97AC85EBDD6} = {99A5FA1D-D519-4DF0-9F52-C93A0E542512}
		{FAC578A0-9871-4EA0-A1BA-BA97FF586283} = {99A5FA1D-D519-4DF0-9F52-C93A0E542512}
		{262B2F91-85DC-4E51-B9A0-185AD2965D1A} = {99A5FA1D-D519-4DF0-9F52-C93A0E542512}
		{7171ED45-34D1-48CC-9E32-0D1E196F41B5} = {99A5FA1D-D519-4DF0-9F52-C93A0E542512}
		{67EA8D99-5A70-4177-A511-95C5057FD505} = {EE2BD9B2-86EF-49B1-99CE-2F8C6BD3CC1A}
		{79BABC1F-F619-4C9A-B23F-8C637F503D65} = {EE2BD9B2-86EF-49B1-99CE-2F8C6BD3CC1A}
		{C0222BF7-5D4E-4F17-8028-C057DE447D63} = {332F364C-2E02-4BD5-AB52-1D50DC2585CA}
		{51DEFDF7-6FCD-494E-8793-C8D4F2307B99} = {332F364C-2E02-4BD5-AB52-1D50DC2585CA}
		{4B8BCF64-E461-4890-BBC4-5D152023FF2F} = {2A792DA5-EC82-4230-BE46-7125EFE19960}
		{2A52EBCE-ECF0-4E62-A8E8-389A085DE107} = {2A792DA5-EC82-4230-BE46-7125EFE19960}
		{C0D15978-3A11-4785-9686-47E0A8860549} = {2A792DA5-EC82-4230-BE46-7125EFE19960}
	EndGlobalSection
EndGlobal
